
Microsoft Visual Studio Solution File, Format Version 12.00
# Visual Studio 15
VisualStudioVersion = 15.0.28307.271
MinimumVisualStudioVersion = 10.0.40219.1
Project("{FAE04EC0-301F-11D3-BF4B-00C04F79EFBC}") = "insertShiftArrayMidIndex", "insertShiftArrayMidIndex\insertShiftArrayMidIndex.csproj", "{F149BA99-0BE3-4039-B881-BA801A76352E}"
EndProject
Global
	GlobalSection(SolutionConfigurationPlatforms) = preSolution
		Debug|Any CPU = Debug|Any CPU
		Release|Any CPU = Release|Any CPU
	EndGlobalSection
	GlobalSection(ProjectConfigurationPlatforms) = postSolution
		{F149BA99-0BE3-4039-B881-BA801A76352E}.Debug|Any CPU.ActiveCfg = Debug|Any CPU
		{F149BA99-0BE3-4039-B881-BA801A76352E}.Debug|Any CPU.Build.0 = Debug|Any CPU
		{F149BA99-0BE3-4039-B881-BA801A76352E}.Release|Any CPU.ActiveCfg = Release|Any CPU
		{F149BA99-0BE3-4039-B881-BA801A76352E}.Release|Any CPU.Build.0 = Release|Any CPU
	EndGlobalSection
	GlobalSection(SolutionProperties) = preSolution
		HideSolutionNode = FALSE
	EndGlobalSection
	GlobalSection(ExtensibilityGlobals) = postSolution
		SolutionGuid = {7BA67E76-2768-4C8C-98F8-071A1225705E}
	EndGlobalSection
EndGlobal
