
Microsoft Visual Studio Solution File, Format Version 12.00
# Visual Studio 15
VisualStudioVersion = 15.0.28307.421
MinimumVisualStudioVersion = 10.0.40219.1
Project("{FAE04EC0-301F-11D3-BF4B-00C04F79EFBC}") = "BreadthFirstGraph31", "BreadthFirstGraph31\BreadthFirstGraph31.csproj", "{69D77580-235F-48F2-955A-846B05ABB502}"
EndProject
Global
	GlobalSection(SolutionConfigurationPlatforms) = preSolution
		Debug|Any CPU = Debug|Any CPU
		Release|Any CPU = Release|Any CPU
	EndGlobalSection
	GlobalSection(ProjectConfigurationPlatforms) = postSolution
		{69D77580-235F-48F2-955A-846B05ABB502}.Debug|Any CPU.ActiveCfg = Debug|Any CPU
		{69D77580-235F-48F2-955A-846B05ABB502}.Debug|Any CPU.Build.0 = Debug|Any CPU
		{69D77580-235F-48F2-955A-846B05ABB502}.Release|Any CPU.ActiveCfg = Release|Any CPU
		{69D77580-235F-48F2-955A-846B05ABB502}.Release|Any CPU.Build.0 = Release|Any CPU
	EndGlobalSection
	GlobalSection(SolutionProperties) = preSolution
		HideSolutionNode = FALSE
	EndGlobalSection
	GlobalSection(ExtensibilityGlobals) = postSolution
		SolutionGuid = {0685A186-0947-4F26-A0E4-91FFA2784062}
	EndGlobalSection
EndGlobal
