
Microsoft Visual Studio Solution File, Format Version 12.00
# Visual Studio 15
VisualStudioVersion = 15.0.28307.271
MinimumVisualStudioVersion = 10.0.40219.1
Project("{FAE04EC0-301F-11D3-BF4B-00C04F79EFBC}") = "linkedList06", "linkedList06\linkedList06.csproj", "{58309077-5787-4010-AD9C-B147AF45377A}"
EndProject
Project("{FAE04EC0-301F-11D3-BF4B-00C04F79EFBC}") = "linkedList06xUnit", "linkedList06xUnit\linkedList06xUnit.csproj", "{1AB1456F-1210-442F-877A-6D2E1FB56243}"
EndProject
Global
	GlobalSection(SolutionConfigurationPlatforms) = preSolution
		Debug|Any CPU = Debug|Any CPU
		Release|Any CPU = Release|Any CPU
	EndGlobalSection
	GlobalSection(ProjectConfigurationPlatforms) = postSolution
		{58309077-5787-4010-AD9C-B147AF45377A}.Debug|Any CPU.ActiveCfg = Debug|Any CPU
		{58309077-5787-4010-AD9C-B147AF45377A}.Debug|Any CPU.Build.0 = Debug|Any CPU
		{58309077-5787-4010-AD9C-B147AF45377A}.Release|Any CPU.ActiveCfg = Release|Any CPU
		{58309077-5787-4010-AD9C-B147AF45377A}.Release|Any CPU.Build.0 = Release|Any CPU
		{1AB1456F-1210-442F-877A-6D2E1FB56243}.Debug|Any CPU.ActiveCfg = Debug|Any CPU
		{1AB1456F-1210-442F-877A-6D2E1FB56243}.Debug|Any CPU.Build.0 = Debug|Any CPU
		{1AB1456F-1210-442F-877A-6D2E1FB56243}.Release|Any CPU.ActiveCfg = Release|Any CPU
		{1AB1456F-1210-442F-877A-6D2E1FB56243}.Release|Any CPU.Build.0 = Release|Any CPU
	EndGlobalSection
	GlobalSection(SolutionProperties) = preSolution
		HideSolutionNode = FALSE
	EndGlobalSection
	GlobalSection(ExtensibilityGlobals) = postSolution
		SolutionGuid = {2BD80069-A680-46C8-B201-E287FE1E39FE}
	EndGlobalSection
EndGlobal
