
Microsoft Visual Studio Solution File, Format Version 12.00
# Visual Studio 15
VisualStudioVersion = 15.0.28307.271
MinimumVisualStudioVersion = 10.0.40219.1
Project("{FAE04EC0-301F-11D3-BF4B-00C04F79EFBC}") = "linkedList06", "linkedList06\linkedList06.csproj", "{FBFED446-438E-448C-AA14-84390EFEF0CF}"
EndProject
Project("{FAE04EC0-301F-11D3-BF4B-00C04F79EFBC}") = "linkedList06xUnit", "linkedList06xUnit\linkedList06xUnit.csproj", "{0ECB48D9-CE52-4E2A-8F41-6DBC13DCE0D2}"
EndProject
Global
	GlobalSection(SolutionConfigurationPlatforms) = preSolution
		Debug|Any CPU = Debug|Any CPU
		Release|Any CPU = Release|Any CPU
	EndGlobalSection
	GlobalSection(ProjectConfigurationPlatforms) = postSolution
		{FBFED446-438E-448C-AA14-84390EFEF0CF}.Debug|Any CPU.ActiveCfg = Debug|Any CPU
		{FBFED446-438E-448C-AA14-84390EFEF0CF}.Debug|Any CPU.Build.0 = Debug|Any CPU
		{FBFED446-438E-448C-AA14-84390EFEF0CF}.Release|Any CPU.ActiveCfg = Release|Any CPU
		{FBFED446-438E-448C-AA14-84390EFEF0CF}.Release|Any CPU.Build.0 = Release|Any CPU
		{0ECB48D9-CE52-4E2A-8F41-6DBC13DCE0D2}.Debug|Any CPU.ActiveCfg = Debug|Any CPU
		{0ECB48D9-CE52-4E2A-8F41-6DBC13DCE0D2}.Debug|Any CPU.Build.0 = Debug|Any CPU
		{0ECB48D9-CE52-4E2A-8F41-6DBC13DCE0D2}.Release|Any CPU.ActiveCfg = Release|Any CPU
		{0ECB48D9-CE52-4E2A-8F41-6DBC13DCE0D2}.Release|Any CPU.Build.0 = Release|Any CPU
	EndGlobalSection
	GlobalSection(SolutionProperties) = preSolution
		HideSolutionNode = FALSE
	EndGlobalSection
	GlobalSection(ExtensibilityGlobals) = postSolution
		SolutionGuid = {5B93FB55-835A-4BF6-8118-4E2C2376CF8C}
	EndGlobalSection
EndGlobal
