
Microsoft Visual Studio Solution File, Format Version 12.00
# Visual Studio 15
VisualStudioVersion = 15.0.28307.421
MinimumVisualStudioVersion = 10.0.40219.1
Project("{FAE04EC0-301F-11D3-BF4B-00C04F79EFBC}") = "Graphs", "Graphs\Graphs.csproj", "{BA9E4C78-F542-4D42-A2F5-2E1037D0D95D}"
EndProject
Project("{FAE04EC0-301F-11D3-BF4B-00C04F79EFBC}") = "GraphsXUnitTestProject1", "GraphsXUnitTestProject1\GraphsXUnitTestProject1.csproj", "{4C3C5666-3B3A-44F1-AB2A-A4586098E799}"
EndProject
Global
	GlobalSection(SolutionConfigurationPlatforms) = preSolution
		Debug|Any CPU = Debug|Any CPU
		Release|Any CPU = Release|Any CPU
	EndGlobalSection
	GlobalSection(ProjectConfigurationPlatforms) = postSolution
		{BA9E4C78-F542-4D42-A2F5-2E1037D0D95D}.Debug|Any CPU.ActiveCfg = Debug|Any CPU
		{BA9E4C78-F542-4D42-A2F5-2E1037D0D95D}.Debug|Any CPU.Build.0 = Debug|Any CPU
		{BA9E4C78-F542-4D42-A2F5-2E1037D0D95D}.Release|Any CPU.ActiveCfg = Release|Any CPU
		{BA9E4C78-F542-4D42-A2F5-2E1037D0D95D}.Release|Any CPU.Build.0 = Release|Any CPU
		{4C3C5666-3B3A-44F1-AB2A-A4586098E799}.Debug|Any CPU.ActiveCfg = Debug|Any CPU
		{4C3C5666-3B3A-44F1-AB2A-A4586098E799}.Debug|Any CPU.Build.0 = Debug|Any CPU
		{4C3C5666-3B3A-44F1-AB2A-A4586098E799}.Release|Any CPU.ActiveCfg = Release|Any CPU
		{4C3C5666-3B3A-44F1-AB2A-A4586098E799}.Release|Any CPU.Build.0 = Release|Any CPU
	EndGlobalSection
	GlobalSection(SolutionProperties) = preSolution
		HideSolutionNode = FALSE
	EndGlobalSection
	GlobalSection(ExtensibilityGlobals) = postSolution
		SolutionGuid = {A77C97D7-9065-4DD8-AA7C-31EA40BAE6B5}
	EndGlobalSection
EndGlobal
