
Microsoft Visual Studio Solution File, Format Version 12.00
# Visual Studio 15
VisualStudioVersion = 15.0.28307.271
MinimumVisualStudioVersion = 10.0.40219.1
Project("{9A19103F-16F7-4668-BE54-9A1E7A4F7556}") = "linkedList05", "linkedList05\linkedList05.csproj", "{5E6E6275-410D-4A85-A59C-E9CF5E408F81}"
EndProject
Project("{9A19103F-16F7-4668-BE54-9A1E7A4F7556}") = "linkedList05xUnit", "linkedList05xUnit\linkedList05xUnit.csproj", "{940EB85E-A58E-4C64-B44A-C7AEE2A15729}"
EndProject
Global
	GlobalSection(SolutionConfigurationPlatforms) = preSolution
		Debug|Any CPU = Debug|Any CPU
		Release|Any CPU = Release|Any CPU
	EndGlobalSection
	GlobalSection(ProjectConfigurationPlatforms) = postSolution
		{5E6E6275-410D-4A85-A59C-E9CF5E408F81}.Debug|Any CPU.ActiveCfg = Debug|Any CPU
		{5E6E6275-410D-4A85-A59C-E9CF5E408F81}.Debug|Any CPU.Build.0 = Debug|Any CPU
		{5E6E6275-410D-4A85-A59C-E9CF5E408F81}.Release|Any CPU.ActiveCfg = Release|Any CPU
		{5E6E6275-410D-4A85-A59C-E9CF5E408F81}.Release|Any CPU.Build.0 = Release|Any CPU
		{940EB85E-A58E-4C64-B44A-C7AEE2A15729}.Debug|Any CPU.ActiveCfg = Debug|Any CPU
		{940EB85E-A58E-4C64-B44A-C7AEE2A15729}.Debug|Any CPU.Build.0 = Debug|Any CPU
		{940EB85E-A58E-4C64-B44A-C7AEE2A15729}.Release|Any CPU.ActiveCfg = Release|Any CPU
		{940EB85E-A58E-4C64-B44A-C7AEE2A15729}.Release|Any CPU.Build.0 = Release|Any CPU
	EndGlobalSection
	GlobalSection(SolutionProperties) = preSolution
		HideSolutionNode = FALSE
	EndGlobalSection
	GlobalSection(ExtensibilityGlobals) = postSolution
		SolutionGuid = {0516BC4B-9777-4E99-8115-C76D42150176}
	EndGlobalSection
EndGlobal
